// !$*UTF8*$!
{
	archiveVersion = 1;
	classes = {
	};
	objectVersion = 56;
	objects = {

/* Begin PBXBuildFile section */
		A296CA142ACFA9610058BBCB /* Launch Screen.storyboard in Resources */ = {isa = PBXBuildFile; fileRef = A296CA132ACFA9610058BBCB /* Launch Screen.storyboard */; };
		A2D90F072ACE4672000AD8EA /* bookscroolApp.swift in Sources */ = {isa = PBXBuildFile; fileRef = A2D90F062ACE4672000AD8EA /* bookscroolApp.swift */; };
		A2D90F0B2ACE4672000AD8EA /* Assets.xcassets in Resources */ = {isa = PBXBuildFile; fileRef = A2D90F0A2ACE4672000AD8EA /* Assets.xcassets */; };
		A2D90F0E2ACE4672000AD8EA /* Preview Assets.xcassets in Resources */ = {isa = PBXBuildFile; fileRef = A2D90F0D2ACE4672000AD8EA /* Preview Assets.xcassets */; };
		A2D90F182ACE4673000AD8EA /* bookscroolTests.swift in Sources */ = {isa = PBXBuildFile; fileRef = A2D90F172ACE4673000AD8EA /* bookscroolTests.swift */; };
		A2D90F222ACE4673000AD8EA /* bookscroolUITests.swift in Sources */ = {isa = PBXBuildFile; fileRef = A2D90F212ACE4673000AD8EA /* bookscroolUITests.swift */; };
		A2D90F242ACE4673000AD8EA /* bookscroolUITestsLaunchTests.swift in Sources */ = {isa = PBXBuildFile; fileRef = A2D90F232ACE4673000AD8EA /* bookscroolUITestsLaunchTests.swift */; };
		A2FD4D742ACE4A7F005503B8 /* ReaderView.swift in Sources */ = {isa = PBXBuildFile; fileRef = A2FD4D732ACE4A7F005503B8 /* ReaderView.swift */; };
		A2FD4D7A2ACE5138005503B8 /* BookManager.swift in Sources */ = {isa = PBXBuildFile; fileRef = A2FD4D792ACE5138005503B8 /* BookManager.swift */; };
		A2FD4D7C2ACE51DD005503B8 /* LibraryView.swift in Sources */ = {isa = PBXBuildFile; fileRef = A2FD4D7B2ACE51DD005503B8 /* LibraryView.swift */; };
/* End PBXBuildFile section */

/* Begin PBXContainerItemProxy section */
		A2D90F142ACE4673000AD8EA /* PBXContainerItemProxy */ = {
			isa = PBXContainerItemProxy;
			containerPortal = A2D90EFB2ACE4672000AD8EA /* Project object */;
			proxyType = 1;
			remoteGlobalIDString = A2D90F022ACE4672000AD8EA;
			remoteInfo = bookscrool;
		};
		A2D90F1E2ACE4673000AD8EA /* PBXContainerItemProxy */ = {
			isa = PBXContainerItemProxy;
			containerPortal = A2D90EFB2ACE4672000AD8EA /* Project object */;
			proxyType = 1;
			remoteGlobalIDString = A2D90F022ACE4672000AD8EA;
			remoteInfo = bookscrool;
		};
/* End PBXContainerItemProxy section */

/* Begin PBXFileReference section */
		A296CA132ACFA9610058BBCB /* Launch Screen.storyboard */ = {isa = PBXFileReference; lastKnownFileType = file.storyboard; path = "Launch Screen.storyboard"; sourceTree = "<group>"; };
		A2D90F032ACE4672000AD8EA /* bookscrool.app */ = {isa = PBXFileReference; explicitFileType = wrapper.application; includeInIndex = 0; path = bookscrool.app; sourceTree = BUILT_PRODUCTS_DIR; };
		A2D90F062ACE4672000AD8EA /* bookscroolApp.swift */ = {isa = PBXFileReference; lastKnownFileType = sourcecode.swift; path = bookscroolApp.swift; sourceTree = "<group>"; };
		A2D90F0A2ACE4672000AD8EA /* Assets.xcassets */ = {isa = PBXFileReference; lastKnownFileType = folder.assetcatalog; path = Assets.xcassets; sourceTree = "<group>"; };
		A2D90F0D2ACE4672000AD8EA /* Preview Assets.xcassets */ = {isa = PBXFileReference; lastKnownFileType = folder.assetcatalog; path = "Preview Assets.xcassets"; sourceTree = "<group>"; };
		A2D90F132ACE4673000AD8EA /* bookscroolTests.xctest */ = {isa = PBXFileReference; explicitFileType = wrapper.cfbundle; includeInIndex = 0; path = bookscroolTests.xctest; sourceTree = BUILT_PRODUCTS_DIR; };
		A2D90F172ACE4673000AD8EA /* bookscroolTests.swift */ = {isa = PBXFileReference; lastKnownFileType = sourcecode.swift; path = bookscroolTests.swift; sourceTree = "<group>"; };
		A2D90F1D2ACE4673000AD8EA /* bookscroolUITests.xctest */ = {isa = PBXFileReference; explicitFileType = wrapper.cfbundle; includeInIndex = 0; path = bookscroolUITests.xctest; sourceTree = BUILT_PRODUCTS_DIR; };
		A2D90F212ACE4673000AD8EA /* bookscroolUITests.swift */ = {isa = PBXFileReference; lastKnownFileType = sourcecode.swift; path = bookscroolUITests.swift; sourceTree = "<group>"; };
		A2D90F232ACE4673000AD8EA /* bookscroolUITestsLaunchTests.swift */ = {isa = PBXFileReference; lastKnownFileType = sourcecode.swift; path = bookscroolUITestsLaunchTests.swift; sourceTree = "<group>"; };
		A2FD4D732ACE4A7F005503B8 /* ReaderView.swift */ = {isa = PBXFileReference; lastKnownFileType = sourcecode.swift; path = ReaderView.swift; sourceTree = "<group>"; };
		A2FD4D792ACE5138005503B8 /* BookManager.swift */ = {isa = PBXFileReference; lastKnownFileType = sourcecode.swift; path = BookManager.swift; sourceTree = "<group>"; };
		A2FD4D7B2ACE51DD005503B8 /* LibraryView.swift */ = {isa = PBXFileReference; lastKnownFileType = sourcecode.swift; path = LibraryView.swift; sourceTree = "<group>"; };
/* End PBXFileReference section */

/* Begin PBXFrameworksBuildPhase section */
		A2D90F002ACE4672000AD8EA /* Frameworks */ = {
			isa = PBXFrameworksBuildPhase;
			buildActionMask = 2147483647;
			files = (
			);
			runOnlyForDeploymentPostprocessing = 0;
		};
		A2D90F102ACE4673000AD8EA /* Frameworks */ = {
			isa = PBXFrameworksBuildPhase;
			buildActionMask = 2147483647;
			files = (
			);
			runOnlyForDeploymentPostprocessing = 0;
		};
		A2D90F1A2ACE4673000AD8EA /* Frameworks */ = {
			isa = PBXFrameworksBuildPhase;
			buildActionMask = 2147483647;
			files = (
			);
			runOnlyForDeploymentPostprocessing = 0;
		};
/* End PBXFrameworksBuildPhase section */

/* Begin PBXGroup section */
		A2D90EFA2ACE4672000AD8EA = {
			isa = PBXGroup;
			children = (
				A2D90F052ACE4672000AD8EA /* bookscrool */,
				A2D90F162ACE4673000AD8EA /* bookscroolTests */,
				A2D90F202ACE4673000AD8EA /* bookscroolUITests */,
				A2D90F042ACE4672000AD8EA /* Products */,
			);
			sourceTree = "<group>";
		};
		A2D90F042ACE4672000AD8EA /* Products */ = {
			isa = PBXGroup;
			children = (
				A2D90F032ACE4672000AD8EA /* bookscrool.app */,
				A2D90F132ACE4673000AD8EA /* bookscroolTests.xctest */,
				A2D90F1D2ACE4673000AD8EA /* bookscroolUITests.xctest */,
			);
			name = Products;
			sourceTree = "<group>";
		};
		A2D90F052ACE4672000AD8EA /* bookscrool */ = {
			isa = PBXGroup;
			children = (
				A2FD4D732ACE4A7F005503B8 /* ReaderView.swift */,
				A2FD4D7B2ACE51DD005503B8 /* LibraryView.swift */,
				A2FD4D792ACE5138005503B8 /* BookManager.swift */,
				A2D90F062ACE4672000AD8EA /* bookscroolApp.swift */,
				A2D90F0A2ACE4672000AD8EA /* Assets.xcassets */,
				A2D90F0C2ACE4672000AD8EA /* Preview Content */,
				A296CA132ACFA9610058BBCB /* Launch Screen.storyboard */,
			);
			path = bookscrool;
			sourceTree = "<group>";
		};
		A2D90F0C2ACE4672000AD8EA /* Preview Content */ = {
			isa = PBXGroup;
			children = (
				A2D90F0D2ACE4672000AD8EA /* Preview Assets.xcassets */,
			);
			path = "Preview Content";
			sourceTree = "<group>";
		};
		A2D90F162ACE4673000AD8EA /* bookscroolTests */ = {
			isa = PBXGroup;
			children = (
				A2D90F172ACE4673000AD8EA /* bookscroolTests.swift */,
			);
			path = bookscroolTests;
			sourceTree = "<group>";
		};
		A2D90F202ACE4673000AD8EA /* bookscroolUITests */ = {
			isa = PBXGroup;
			children = (
				A2D90F212ACE4673000AD8EA /* bookscroolUITests.swift */,
				A2D90F232ACE4673000AD8EA /* bookscroolUITestsLaunchTests.swift */,
			);
			path = bookscroolUITests;
			sourceTree = "<group>";
		};
/* End PBXGroup section */

/* Begin PBXNativeTarget section */
		A2D90F022ACE4672000AD8EA /* bookscrool */ = {
			isa = PBXNativeTarget;
			buildConfigurationList = A2D90F272ACE4673000AD8EA /* Build configuration list for PBXNativeTarget "bookscrool" */;
			buildPhases = (
				A2D90EFF2ACE4672000AD8EA /* Sources */,
				A2D90F002ACE4672000AD8EA /* Frameworks */,
				A2D90F012ACE4672000AD8EA /* Resources */,
			);
			buildRules = (
			);
			dependencies = (
			);
			name = bookscrool;
			productName = bookscrool;
			productReference = A2D90F032ACE4672000AD8EA /* bookscrool.app */;
			productType = "com.apple.product-type.application";
		};
		A2D90F122ACE4673000AD8EA /* bookscroolTests */ = {
			isa = PBXNativeTarget;
			buildConfigurationList = A2D90F2A2ACE4673000AD8EA /* Build configuration list for PBXNativeTarget "bookscroolTests" */;
			buildPhases = (
				A2D90F0F2ACE4673000AD8EA /* Sources */,
				A2D90F102ACE4673000AD8EA /* Frameworks */,
				A2D90F112ACE4673000AD8EA /* Resources */,
			);
			buildRules = (
			);
			dependencies = (
				A2D90F152ACE4673000AD8EA /* PBXTargetDependency */,
			);
			name = bookscroolTests;
			productName = bookscroolTests;
			productReference = A2D90F132ACE4673000AD8EA /* bookscroolTests.xctest */;
			productType = "com.apple.product-type.bundle.unit-test";
		};
		A2D90F1C2ACE4673000AD8EA /* bookscroolUITests */ = {
			isa = PBXNativeTarget;
			buildConfigurationList = A2D90F2D2ACE4673000AD8EA /* Build configuration list for PBXNativeTarget "bookscroolUITests" */;
			buildPhases = (
				A2D90F192ACE4673000AD8EA /* Sources */,
				A2D90F1A2ACE4673000AD8EA /* Frameworks */,
				A2D90F1B2ACE4673000AD8EA /* Resources */,
			);
			buildRules = (
			);
			dependencies = (
				A2D90F1F2ACE4673000AD8EA /* PBXTargetDependency */,
			);
			name = bookscroolUITests;
			productName = bookscroolUITests;
			productReference = A2D90F1D2ACE4673000AD8EA /* bookscroolUITests.xctest */;
			productType = "com.apple.product-type.bundle.ui-testing";
		};
/* End PBXNativeTarget section */

/* Begin PBXProject section */
		A2D90EFB2ACE4672000AD8EA /* Project object */ = {
			isa = PBXProject;
			attributes = {
				BuildIndependentTargetsInParallel = 1;
				LastSwiftUpdateCheck = 1500;
				LastUpgradeCheck = 1500;
				TargetAttributes = {
					A2D90F022ACE4672000AD8EA = {
						CreatedOnToolsVersion = 15.0;
					};
					A2D90F122ACE4673000AD8EA = {
						CreatedOnToolsVersion = 15.0;
						TestTargetID = A2D90F022ACE4672000AD8EA;
					};
					A2D90F1C2ACE4673000AD8EA = {
						CreatedOnToolsVersion = 15.0;
						TestTargetID = A2D90F022ACE4672000AD8EA;
					};
				};
			};
			buildConfigurationList = A2D90EFE2ACE4672000AD8EA /* Build configuration list for PBXProject "bookscrool" */;
			compatibilityVersion = "Xcode 14.0";
			developmentRegion = en;
			hasScannedForEncodings = 0;
			knownRegions = (
				en,
				Base,
			);
			mainGroup = A2D90EFA2ACE4672000AD8EA;
			productRefGroup = A2D90F042ACE4672000AD8EA /* Products */;
			projectDirPath = "";
			projectRoot = "";
			targets = (
				A2D90F022ACE4672000AD8EA /* bookscrool */,
				A2D90F122ACE4673000AD8EA /* bookscroolTests */,
				A2D90F1C2ACE4673000AD8EA /* bookscroolUITests */,
			);
		};
/* End PBXProject section */

/* Begin PBXResourcesBuildPhase section */
		A2D90F012ACE4672000AD8EA /* Resources */ = {
			isa = PBXResourcesBuildPhase;
			buildActionMask = 2147483647;
			files = (
				A296CA142ACFA9610058BBCB /* Launch Screen.storyboard in Resources */,
				A2D90F0E2ACE4672000AD8EA /* Preview Assets.xcassets in Resources */,
				A2D90F0B2ACE4672000AD8EA /* Assets.xcassets in Resources */,
			);
			runOnlyForDeploymentPostprocessing = 0;
		};
		A2D90F112ACE4673000AD8EA /* Resources */ = {
			isa = PBXResourcesBuildPhase;
			buildActionMask = 2147483647;
			files = (
			);
			runOnlyForDeploymentPostprocessing = 0;
		};
		A2D90F1B2ACE4673000AD8EA /* Resources */ = {
			isa = PBXResourcesBuildPhase;
			buildActionMask = 2147483647;
			files = (
			);
			runOnlyForDeploymentPostprocessing = 0;
		};
/* End PBXResourcesBuildPhase section */

/* Begin PBXSourcesBuildPhase section */
		A2D90EFF2ACE4672000AD8EA /* Sources */ = {
			isa = PBXSourcesBuildPhase;
			buildActionMask = 2147483647;
			files = (
				A2FD4D742ACE4A7F005503B8 /* ReaderView.swift in Sources */,
				A2D90F072ACE4672000AD8EA /* bookscroolApp.swift in Sources */,
				A2FD4D7C2ACE51DD005503B8 /* LibraryView.swift in Sources */,
				A2FD4D7A2ACE5138005503B8 /* BookManager.swift in Sources */,
			);
			runOnlyForDeploymentPostprocessing = 0;
		};
		A2D90F0F2ACE4673000AD8EA /* Sources */ = {
			isa = PBXSourcesBuildPhase;
			buildActionMask = 2147483647;
			files = (
				A2D90F182ACE4673000AD8EA /* bookscroolTests.swift in Sources */,
			);
			runOnlyForDeploymentPostprocessing = 0;
		};
		A2D90F192ACE4673000AD8EA /* Sources */ = {
			isa = PBXSourcesBuildPhase;
			buildActionMask = 2147483647;
			files = (
				A2D90F222ACE4673000AD8EA /* bookscroolUITests.swift in Sources */,
				A2D90F242ACE4673000AD8EA /* bookscroolUITestsLaunchTests.swift in Sources */,
			);
			runOnlyForDeploymentPostprocessing = 0;
		};
/* End PBXSourcesBuildPhase section */

/* Begin PBXTargetDependency section */
		A2D90F152ACE4673000AD8EA /* PBXTargetDependency */ = {
			isa = PBXTargetDependency;
			target = A2D90F022ACE4672000AD8EA /* bookscrool */;
			targetProxy = A2D90F142ACE4673000AD8EA /* PBXContainerItemProxy */;
		};
		A2D90F1F2ACE4673000AD8EA /* PBXTargetDependency */ = {
			isa = PBXTargetDependency;
			target = A2D90F022ACE4672000AD8EA /* bookscrool */;
			targetProxy = A2D90F1E2ACE4673000AD8EA /* PBXContainerItemProxy */;
		};
/* End PBXTargetDependency section */

/* Begin XCBuildConfiguration section */
		A2D90F252ACE4673000AD8EA /* Debug */ = {
			isa = XCBuildConfiguration;
			buildSettings = {
				ALWAYS_SEARCH_USER_PATHS = NO;
				ASSETCATALOG_COMPILER_GENERATE_SWIFT_ASSET_SYMBOL_EXTENSIONS = YES;
				CLANG_ANALYZER_NONNULL = YES;
				CLANG_ANALYZER_NUMBER_OBJECT_CONVERSION = YES_AGGRESSIVE;
				CLANG_CXX_LANGUAGE_STANDARD = "gnu++20";
				CLANG_ENABLE_MODULES = YES;
				CLANG_ENABLE_OBJC_ARC = YES;
				CLANG_ENABLE_OBJC_WEAK = YES;
				CLANG_WARN_BLOCK_CAPTURE_AUTORELEASING = YES;
				CLANG_WARN_BOOL_CONVERSION = YES;
				CLANG_WARN_COMMA = YES;
				CLANG_WARN_CONSTANT_CONVERSION = YES;
				CLANG_WARN_DEPRECATED_OBJC_IMPLEMENTATIONS = YES;
				CLANG_WARN_DIRECT_OBJC_ISA_USAGE = YES_ERROR;
				CLANG_WARN_DOCUMENTATION_COMMENTS = YES;
				CLANG_WARN_EMPTY_BODY = YES;
				CLANG_WARN_ENUM_CONVERSION = YES;
				CLANG_WARN_INFINITE_RECURSION = YES;
				CLANG_WARN_INT_CONVERSION = YES;
				CLANG_WARN_NON_LITERAL_NULL_CONVERSION = YES;
				CLANG_WARN_OBJC_IMPLICIT_RETAIN_SELF = YES;
				CLANG_WARN_OBJC_LITERAL_CONVERSION = YES;
				CLANG_WARN_OBJC_ROOT_CLASS = YES_ERROR;
				CLANG_WARN_QUOTED_INCLUDE_IN_FRAMEWORK_HEADER = YES;
				CLANG_WARN_RANGE_LOOP_ANALYSIS = YES;
				CLANG_WARN_STRICT_PROTOTYPES = YES;
				CLANG_WARN_SUSPICIOUS_MOVE = YES;
				CLANG_WARN_UNGUARDED_AVAILABILITY = YES_AGGRESSIVE;
				CLANG_WARN_UNREACHABLE_CODE = YES;
				CLANG_WARN__DUPLICATE_METHOD_MATCH = YES;
				COPY_PHASE_STRIP = NO;
				DEBUG_INFORMATION_FORMAT = dwarf;
				ENABLE_STRICT_OBJC_MSGSEND = YES;
				ENABLE_TESTABILITY = YES;
				ENABLE_USER_SCRIPT_SANDBOXING = YES;
				GCC_C_LANGUAGE_STANDARD = gnu17;
				GCC_DYNAMIC_NO_PIC = NO;
				GCC_NO_COMMON_BLOCKS = YES;
				GCC_OPTIMIZATION_LEVEL = 0;
				GCC_PREPROCESSOR_DEFINITIONS = (
					"DEBUG=1",
					"$(inherited)",
				);
				GCC_WARN_64_TO_32_BIT_CONVERSION = YES;
				GCC_WARN_ABOUT_RETURN_TYPE = YES_ERROR;
				GCC_WARN_UNDECLARED_SELECTOR = YES;
				GCC_WARN_UNINITIALIZED_AUTOS = YES_AGGRESSIVE;
				GCC_WARN_UNUSED_FUNCTION = YES;
				GCC_WARN_UNUSED_VARIABLE = YES;
				IPHONEOS_DEPLOYMENT_TARGET = 17.0;
				LOCALIZATION_PREFERS_STRING_CATALOGS = YES;
				MTL_ENABLE_DEBUG_INFO = INCLUDE_SOURCE;
				MTL_FAST_MATH = YES;
				ONLY_ACTIVE_ARCH = YES;
				SDKROOT = iphoneos;
				SWIFT_ACTIVE_COMPILATION_CONDITIONS = "DEBUG $(inherited)";
				SWIFT_OPTIMIZATION_LEVEL = "-Onone";
			};
			name = Debug;
		};
		A2D90F262ACE4673000AD8EA /* Release */ = {
			isa = XCBuildConfiguration;
			buildSettings = {
				ALWAYS_SEARCH_USER_PATHS = NO;
				ASSETCATALOG_COMPILER_GENERATE_SWIFT_ASSET_SYMBOL_EXTENSIONS = YES;
				CLANG_ANALYZER_NONNULL = YES;
				CLANG_ANALYZER_NUMBER_OBJECT_CONVERSION = YES_AGGRESSIVE;
				CLANG_CXX_LANGUAGE_STANDARD = "gnu++20";
				CLANG_ENABLE_MODULES = YES;
				CLANG_ENABLE_OBJC_ARC = YES;
				CLANG_ENABLE_OBJC_WEAK = YES;
				CLANG_WARN_BLOCK_CAPTURE_AUTORELEASING = YES;
				CLANG_WARN_BOOL_CONVERSION = YES;
				CLANG_WARN_COMMA = YES;
				CLANG_WARN_CONSTANT_CONVERSION = YES;
				CLANG_WARN_DEPRECATED_OBJC_IMPLEMENTATIONS = YES;
				CLANG_WARN_DIRECT_OBJC_ISA_USAGE = YES_ERROR;
				CLANG_WARN_DOCUMENTATION_COMMENTS = YES;
				CLANG_WARN_EMPTY_BODY = YES;
				CLANG_WARN_ENUM_CONVERSION = YES;
				CLANG_WARN_INFINITE_RECURSION = YES;
				CLANG_WARN_INT_CONVERSION = YES;
				CLANG_WARN_NON_LITERAL_NULL_CONVERSION = YES;
				CLANG_WARN_OBJC_IMPLICIT_RETAIN_SELF = YES;
				CLANG_WARN_OBJC_LITERAL_CONVERSION = YES;
				CLANG_WARN_OBJC_ROOT_CLASS = YES_ERROR;
				CLANG_WARN_QUOTED_INCLUDE_IN_FRAMEWORK_HEADER = YES;
				CLANG_WARN_RANGE_LOOP_ANALYSIS = YES;
				CLANG_WARN_STRICT_PROTOTYPES = YES;
				CLANG_WARN_SUSPICIOUS_MOVE = YES;
				CLANG_WARN_UNGUARDED_AVAILABILITY = YES_AGGRESSIVE;
				CLANG_WARN_UNREACHABLE_CODE = YES;
				CLANG_WARN__DUPLICATE_METHOD_MATCH = YES;
				COPY_PHASE_STRIP = NO;
				DEBUG_INFORMATION_FORMAT = "dwarf-with-dsym";
				ENABLE_NS_ASSERTIONS = NO;
				ENABLE_STRICT_OBJC_MSGSEND = YES;
				ENABLE_USER_SCRIPT_SANDBOXING = YES;
				GCC_C_LANGUAGE_STANDARD = gnu17;
				GCC_NO_COMMON_BLOCKS = YES;
				GCC_WARN_64_TO_32_BIT_CONVERSION = YES;
				GCC_WARN_ABOUT_RETURN_TYPE = YES_ERROR;
				GCC_WARN_UNDECLARED_SELECTOR = YES;
				GCC_WARN_UNINITIALIZED_AUTOS = YES_AGGRESSIVE;
				GCC_WARN_UNUSED_FUNCTION = YES;
				GCC_WARN_UNUSED_VARIABLE = YES;
				IPHONEOS_DEPLOYMENT_TARGET = 17.0;
				LOCALIZATION_PREFERS_STRING_CATALOGS = YES;
				MTL_ENABLE_DEBUG_INFO = NO;
				MTL_FAST_MATH = YES;
				SDKROOT = iphoneos;
				SWIFT_COMPILATION_MODE = wholemodule;
				VALIDATE_PRODUCT = YES;
			};
			name = Release;
		};
		A2D90F282ACE4673000AD8EA /* Debug */ = {
			isa = XCBuildConfiguration;
			buildSettings = {
				ASSETCATALOG_COMPILER_APPICON_NAME = AppIcon;
				ASSETCATALOG_COMPILER_GLOBAL_ACCENT_COLOR_NAME = AccentColor;
				CODE_SIGN_STYLE = Automatic;
				CURRENT_PROJECT_VERSION = 1;
				DEVELOPMENT_ASSET_PATHS = "\"bookscrool/Preview Content\"";
				DEVELOPMENT_TEAM = JQZZJUQNS6;
				ENABLE_PREVIEWS = YES;
				GENERATE_INFOPLIST_FILE = YES;
				INFOPLIST_KEY_CFBundleDisplayName = bookscrool;
				INFOPLIST_KEY_LSApplicationCategoryType = "public.app-category.books";
				INFOPLIST_KEY_UIApplicationSceneManifest_Generation = YES;
				INFOPLIST_KEY_UIApplicationSupportsIndirectInputEvents = YES;
				INFOPLIST_KEY_UILaunchScreen_Generation = YES;
				INFOPLIST_KEY_UISupportedInterfaceOrientations_iPad = "UIInterfaceOrientationPortrait UIInterfaceOrientationPortraitUpsideDown UIInterfaceOrientationLandscapeLeft UIInterfaceOrientationLandscapeRight";
				INFOPLIST_KEY_UISupportedInterfaceOrientations_iPhone = "UIInterfaceOrientationPortrait UIInterfaceOrientationLandscapeLeft UIInterfaceOrientationLandscapeRight";
				IPHONEOS_DEPLOYMENT_TARGET = 17.0;
				LD_RUNPATH_SEARCH_PATHS = (
					"$(inherited)",
					"@executable_path/Frameworks",
				);
				MARKETING_VERSION = 1.0;
				PRODUCT_BUNDLE_IDENTIFIER = com.sophandcodes.bookscrool;
				PRODUCT_NAME = "$(TARGET_NAME)";
				SUPPORTED_PLATFORMS = "iphoneos iphonesimulator";
				SUPPORTS_MACCATALYST = NO;
				SUPPORTS_MAC_DESIGNED_FOR_IPHONE_IPAD = NO;
				SUPPORTS_XR_DESIGNED_FOR_IPHONE_IPAD = NO;
				SWIFT_EMIT_LOC_STRINGS = YES;
				SWIFT_VERSION = 5.0;
				TARGETED_DEVICE_FAMILY = "1,2";
			};
			name = Debug;
		};
		A2D90F292ACE4673000AD8EA /* Release */ = {
			isa = XCBuildConfiguration;
			buildSettings = {
				ASSETCATALOG_COMPILER_APPICON_NAME = AppIcon;
				ASSETCATALOG_COMPILER_GLOBAL_ACCENT_COLOR_NAME = AccentColor;
				CODE_SIGN_STYLE = Automatic;
				CURRENT_PROJECT_VERSION = 1;
				DEVELOPMENT_ASSET_PATHS = "\"bookscrool/Preview Content\"";
				DEVELOPMENT_TEAM = JQZZJUQNS6;
				ENABLE_PREVIEWS = YES;
				GENERATE_INFOPLIST_FILE = YES;
				INFOPLIST_KEY_CFBundleDisplayName = bookscrool;
				INFOPLIST_KEY_LSApplicationCategoryType = "public.app-category.books";
				INFOPLIST_KEY_UIApplicationSceneManifest_Generation = YES;
				INFOPLIST_KEY_UIApplicationSupportsIndirectInputEvents = YES;
				INFOPLIST_KEY_UILaunchScreen_Generation = YES;
				INFOPLIST_KEY_UISupportedInterfaceOrientations_iPad = "UIInterfaceOrientationPortrait UIInterfaceOrientationPortraitUpsideDown UIInterfaceOrientationLandscapeLeft UIInterfaceOrientationLandscapeRight";
				INFOPLIST_KEY_UISupportedInterfaceOrientations_iPhone = "UIInterfaceOrientationPortrait UIInterfaceOrientationLandscapeLeft UIInterfaceOrientationLandscapeRight";
				IPHONEOS_DEPLOYMENT_TARGET = 17.0;
				LD_RUNPATH_SEARCH_PATHS = (
					"$(inherited)",
					"@executable_path/Frameworks",
				);
				MARKETING_VERSION = 1.0;
				PRODUCT_BUNDLE_IDENTIFIER = com.sophandcodes.bookscrool;
				PRODUCT_NAME = "$(TARGET_NAME)";
				SUPPORTED_PLATFORMS = "iphoneos iphonesimulator";
				SUPPORTS_MACCATALYST = NO;
				SUPPORTS_MAC_DESIGNED_FOR_IPHONE_IPAD = NO;
				SUPPORTS_XR_DESIGNED_FOR_IPHONE_IPAD = NO;
				SWIFT_EMIT_LOC_STRINGS = YES;
				SWIFT_VERSION = 5.0;
				TARGETED_DEVICE_FAMILY = "1,2";
			};
			name = Release;
		};
		A2D90F2B2ACE4673000AD8EA /* Debug */ = {
			isa = XCBuildConfiguration;
			buildSettings = {
				ALWAYS_EMBED_SWIFT_STANDARD_LIBRARIES = YES;
				BUNDLE_LOADER = "$(TEST_HOST)";
				CODE_SIGN_STYLE = Automatic;
				CURRENT_PROJECT_VERSION = 1;
				DEVELOPMENT_TEAM = JQZZJUQNS6;
				GENERATE_INFOPLIST_FILE = YES;
				IPHONEOS_DEPLOYMENT_TARGET = 17.0;
				MARKETING_VERSION = 1.0;
				PRODUCT_BUNDLE_IDENTIFIER = com.sophandcodes.bookscroolTests;
				PRODUCT_NAME = "$(TARGET_NAME)";
				SWIFT_EMIT_LOC_STRINGS = NO;
				SWIFT_VERSION = 5.0;
				TARGETED_DEVICE_FAMILY = "1,2";
				TEST_HOST = "$(BUILT_PRODUCTS_DIR)/bookscrool.app/$(BUNDLE_EXECUTABLE_FOLDER_PATH)/bookscrool";
			};
			name = Debug;
		};
		A2D90F2C2ACE4673000AD8EA /* Release */ = {
			isa = XCBuildConfiguration;
			buildSettings = {
				ALWAYS_EMBED_SWIFT_STANDARD_LIBRARIES = YES;
				BUNDLE_LOADER = "$(TEST_HOST)";
				CODE_SIGN_STYLE = Automatic;
				CURRENT_PROJECT_VERSION = 1;
				DEVELOPMENT_TEAM = JQZZJUQNS6;
				GENERATE_INFOPLIST_FILE = YES;
				IPHONEOS_DEPLOYMENT_TARGET = 17.0;
				MARKETING_VERSION = 1.0;
				PRODUCT_BUNDLE_IDENTIFIER = com.sophandcodes.bookscroolTests;
				PRODUCT_NAME = "$(TARGET_NAME)";
				SWIFT_EMIT_LOC_STRINGS = NO;
				SWIFT_VERSION = 5.0;
				TARGETED_DEVICE_FAMILY = "1,2";
				TEST_HOST = "$(BUILT_PRODUCTS_DIR)/bookscrool.app/$(BUNDLE_EXECUTABLE_FOLDER_PATH)/bookscrool";
			};
			name = Release;
		};
		A2D90F2E2ACE4673000AD8EA /* Debug */ = {
			isa = XCBuildConfiguration;
			buildSettings = {
				ALWAYS_EMBED_SWIFT_STANDARD_LIBRARIES = YES;
				CODE_SIGN_STYLE = Automatic;
				CURRENT_PROJECT_VERSION = 1;
				DEVELOPMENT_TEAM = JQZZJUQNS6;
				GENERATE_INFOPLIST_FILE = YES;
				MARKETING_VERSION = 1.0;
				PRODUCT_BUNDLE_IDENTIFIER = com.sophandcodes.bookscroolUITests;
				PRODUCT_NAME = "$(TARGET_NAME)";
				SWIFT_EMIT_LOC_STRINGS = NO;
				SWIFT_VERSION = 5.0;
				TARGETED_DEVICE_FAMILY = "1,2";
				TEST_TARGET_NAME = bookscrool;
			};
			name = Debug;
		};
		A2D90F2F2ACE4673000AD8EA /* Release */ = {
			isa = XCBuildConfiguration;
			buildSettings = {
				ALWAYS_EMBED_SWIFT_STANDARD_LIBRARIES = YES;
				CODE_SIGN_STYLE = Automatic;
				CURRENT_PROJECT_VERSION = 1;
				DEVELOPMENT_TEAM = JQZZJUQNS6;
				GENERATE_INFOPLIST_FILE = YES;
				MARKETING_VERSION = 1.0;
				PRODUCT_BUNDLE_IDENTIFIER = com.sophandcodes.bookscroolUITests;
				PRODUCT_NAME = "$(TARGET_NAME)";
				SWIFT_EMIT_LOC_STRINGS = NO;
				SWIFT_VERSION = 5.0;
				TARGETED_DEVICE_FAMILY = "1,2";
				TEST_TARGET_NAME = bookscrool;
			};
			name = Release;
		};
/* End XCBuildConfiguration section */

/* Begin XCConfigurationList section */
		A2D90EFE2ACE4672000AD8EA /* Build configuration list for PBXProject "bookscrool" */ = {
			isa = XCConfigurationList;
			buildConfigurations = (
				A2D90F252ACE4673000AD8EA /* Debug */,
				A2D90F262ACE4673000AD8EA /* Release */,
			);
			defaultConfigurationIsVisible = 0;
			defaultConfigurationName = Release;
		};
		A2D90F272ACE4673000AD8EA /* Build configuration list for PBXNativeTarget "bookscrool" */ = {
			isa = XCConfigurationList;
			buildConfigurations = (
				A2D90F282ACE4673000AD8EA /* Debug */,
				A2D90F292ACE4673000AD8EA /* Release */,
			);
			defaultConfigurationIsVisible = 0;
			defaultConfigurationName = Release;
		};
		A2D90F2A2ACE4673000AD8EA /* Build configuration list for PBXNativeTarget "bookscroolTests" */ = {
			isa = XCConfigurationList;
			buildConfigurations = (
				A2D90F2B2ACE4673000AD8EA /* Debug */,
				A2D90F2C2ACE4673000AD8EA /* Release */,
			);
			defaultConfigurationIsVisible = 0;
			defaultConfigurationName = Release;
		};
		A2D90F2D2ACE4673000AD8EA /* Build configuration list for PBXNativeTarget "bookscroolUITests" */ = {
			isa = XCConfigurationList;
			buildConfigurations = (
				A2D90F2E2ACE4673000AD8EA /* Debug */,
				A2D90F2F2ACE4673000AD8EA /* Release */,
			);
			defaultConfigurationIsVisible = 0;
			defaultConfigurationName = Release;
		};
/* End XCConfigurationList section */
	};
	rootObject = A2D90EFB2ACE4672000AD8EA /* Project object */;
}
